
Microsoft Visual Studio Solution File, Format Version 12.00
# Visual Studio Version 17
VisualStudioVersion = 17.10.35013.160
MinimumVisualStudioVersion = 10.0.40219.1
Project("{FAE04EC0-301F-11D3-BF4B-00C04F79EFBC}") = "SysBackup", "SysBackup\SysBackup.csproj", "{692F4D22-4EAF-43CF-AD3E-0A3E8885A50A}"
EndProject
Project("{9A19103F-16F7-4668-BE54-9A1E7A4F7556}") = "SysBackupCore", "SysBackupCore\SysBackupCore.csproj", "{D010CF1F-682C-44ED-9105-721B7B0397A9}"
EndProject
Project("{FAE04EC0-301F-11D3-BF4B-00C04F79EFBC}") = "IOCL", "IOCL\IOCL.csproj", "{DA815312-07E6-461A-8393-84F9F8D79342}"
EndProject
Global
	GlobalSection(SolutionConfigurationPlatforms) = preSolution
		Debug|Any CPU = Debug|Any CPU
		Release|Any CPU = Release|Any CPU
	EndGlobalSection
	GlobalSection(ProjectConfigurationPlatforms) = postSolution
		{692F4D22-4EAF-43CF-AD3E-0A3E8885A50A}.Debug|Any CPU.ActiveCfg = Debug|Any CPU
		{692F4D22-4EAF-43CF-AD3E-0A3E8885A50A}.Debug|Any CPU.Build.0 = Debug|Any CPU
		{692F4D22-4EAF-43CF-AD3E-0A3E8885A50A}.Release|Any CPU.ActiveCfg = Release|Any CPU
		{692F4D22-4EAF-43CF-AD3E-0A3E8885A50A}.Release|Any CPU.Build.0 = Release|Any CPU
		{D010CF1F-682C-44ED-9105-721B7B0397A9}.Debug|Any CPU.ActiveCfg = Debug|Any CPU
		{D010CF1F-682C-44ED-9105-721B7B0397A9}.Debug|Any CPU.Build.0 = Debug|Any CPU
		{D010CF1F-682C-44ED-9105-721B7B0397A9}.Release|Any CPU.ActiveCfg = Release|Any CPU
		{D010CF1F-682C-44ED-9105-721B7B0397A9}.Release|Any CPU.Build.0 = Release|Any CPU
		{DA815312-07E6-461A-8393-84F9F8D79342}.Debug|Any CPU.ActiveCfg = Debug|Any CPU
		{DA815312-07E6-461A-8393-84F9F8D79342}.Debug|Any CPU.Build.0 = Debug|Any CPU
		{DA815312-07E6-461A-8393-84F9F8D79342}.Release|Any CPU.ActiveCfg = Release|Any CPU
		{DA815312-07E6-461A-8393-84F9F8D79342}.Release|Any CPU.Build.0 = Release|Any CPU
	EndGlobalSection
	GlobalSection(SolutionProperties) = preSolution
		HideSolutionNode = FALSE
	EndGlobalSection
	GlobalSection(ExtensibilityGlobals) = postSolution
		SolutionGuid = {E2EBD17F-F308-4D5E-8360-2C38B5E08947}
	EndGlobalSection
EndGlobal
